// !$*UTF8*$!
{
	archiveVersion = 1;
	classes = {
	};
	objectVersion = 56;
	objects = {

/* Begin PBXBuildFile section */
		6A5B2C2B2BF76463000F9BCE /* What A Weather Watch App.app in Embed Watch Content */ = {isa = PBXBuildFile; fileRef = 6A5B2C2A2BF76463000F9BCE /* What A Weather Watch App.app */; settings = {ATTRIBUTES = (RemoveHeadersOnCopy, ); }; };
		6A5B2C302BF76463000F9BCE /* What_A_WeatherApp.swift in Sources */ = {isa = PBXBuildFile; fileRef = 6A5B2C2F2BF76463000F9BCE /* What_A_WeatherApp.swift */; };
		6A5B2C322BF76463000F9BCE /* ContentView.swift in Sources */ = {isa = PBXBuildFile; fileRef = 6A5B2C312BF76463000F9BCE /* ContentView.swift */; };
		6A5B2C342BF76463000F9BCE /* Assets.xcassets in Resources */ = {isa = PBXBuildFile; fileRef = 6A5B2C332BF76463000F9BCE /* Assets.xcassets */; };
		6A5B2C372BF76463000F9BCE /* Preview Assets.xcassets in Resources */ = {isa = PBXBuildFile; fileRef = 6A5B2C362BF76463000F9BCE /* Preview Assets.xcassets */; };
		6A5B2C412BF76464000F9BCE /* What_A_Weather_Watch_AppTests.swift in Sources */ = {isa = PBXBuildFile; fileRef = 6A5B2C402BF76464000F9BCE /* What_A_Weather_Watch_AppTests.swift */; };
		6A5B2C4B2BF76464000F9BCE /* What_A_Weather_Watch_AppUITests.swift in Sources */ = {isa = PBXBuildFile; fileRef = 6A5B2C4A2BF76464000F9BCE /* What_A_Weather_Watch_AppUITests.swift */; };
		6A5B2C4D2BF76464000F9BCE /* What_A_Weather_Watch_AppUITestsLaunchTests.swift in Sources */ = {isa = PBXBuildFile; fileRef = 6A5B2C4C2BF76464000F9BCE /* What_A_Weather_Watch_AppUITestsLaunchTests.swift */; };
/* End PBXBuildFile section */

/* Begin PBXContainerItemProxy section */
		6A5B2C2C2BF76463000F9BCE /* PBXContainerItemProxy */ = {
			isa = PBXContainerItemProxy;
			containerPortal = 6A5B2C1E2BF76462000F9BCE /* Project object */;
			proxyType = 1;
			remoteGlobalIDString = 6A5B2C292BF76463000F9BCE;
			remoteInfo = "What A Weather Watch App";
		};
		6A5B2C3D2BF76464000F9BCE /* PBXContainerItemProxy */ = {
			isa = PBXContainerItemProxy;
			containerPortal = 6A5B2C1E2BF76462000F9BCE /* Project object */;
			proxyType = 1;
			remoteGlobalIDString = 6A5B2C292BF76463000F9BCE;
			remoteInfo = "What A Weather Watch App";
		};
		6A5B2C472BF76464000F9BCE /* PBXContainerItemProxy */ = {
			isa = PBXContainerItemProxy;
			containerPortal = 6A5B2C1E2BF76462000F9BCE /* Project object */;
			proxyType = 1;
			remoteGlobalIDString = 6A5B2C292BF76463000F9BCE;
			remoteInfo = "What A Weather Watch App";
		};
/* End PBXContainerItemProxy section */

/* Begin PBXCopyFilesBuildPhase section */
		6A5B2C532BF76464000F9BCE /* Embed Watch Content */ = {
			isa = PBXCopyFilesBuildPhase;
			buildActionMask = 2147483647;
			dstPath = "$(CONTENTS_FOLDER_PATH)/Watch";
			dstSubfolderSpec = 16;
			files = (
				6A5B2C2B2BF76463000F9BCE /* What A Weather Watch App.app in Embed Watch Content */,
			);
			name = "Embed Watch Content";
			runOnlyForDeploymentPostprocessing = 0;
		};
/* End PBXCopyFilesBuildPhase section */

/* Begin PBXFileReference section */
		6A5B2C242BF76463000F9BCE /* What A Weather.app */ = {isa = PBXFileReference; explicitFileType = wrapper.application; includeInIndex = 0; path = "What A Weather.app"; sourceTree = BUILT_PRODUCTS_DIR; };
		6A5B2C2A2BF76463000F9BCE /* What A Weather Watch App.app */ = {isa = PBXFileReference; explicitFileType = wrapper.application; includeInIndex = 0; path = "What A Weather Watch App.app"; sourceTree = BUILT_PRODUCTS_DIR; };
		6A5B2C2F2BF76463000F9BCE /* What_A_WeatherApp.swift */ = {isa = PBXFileReference; lastKnownFileType = sourcecode.swift; path = What_A_WeatherApp.swift; sourceTree = "<group>"; };
		6A5B2C312BF76463000F9BCE /* ContentView.swift */ = {isa = PBXFileReference; lastKnownFileType = sourcecode.swift; path = ContentView.swift; sourceTree = "<group>"; };
		6A5B2C332BF76463000F9BCE /* Assets.xcassets */ = {isa = PBXFileReference; lastKnownFileType = folder.assetcatalog; path = Assets.xcassets; sourceTree = "<group>"; };
		6A5B2C362BF76463000F9BCE /* Preview Assets.xcassets */ = {isa = PBXFileReference; lastKnownFileType = folder.assetcatalog; path = "Preview Assets.xcassets"; sourceTree = "<group>"; };
		6A5B2C3C2BF76464000F9BCE /* What A Weather Watch AppTests.xctest */ = {isa = PBXFileReference; explicitFileType = wrapper.cfbundle; includeInIndex = 0; path = "What A Weather Watch AppTests.xctest"; sourceTree = BUILT_PRODUCTS_DIR; };
		6A5B2C402BF76464000F9BCE /* What_A_Weather_Watch_AppTests.swift */ = {isa = PBXFileReference; lastKnownFileType = sourcecode.swift; path = What_A_Weather_Watch_AppTests.swift; sourceTree = "<group>"; };
		6A5B2C462BF76464000F9BCE /* What A Weather Watch AppUITests.xctest */ = {isa = PBXFileReference; explicitFileType = wrapper.cfbundle; includeInIndex = 0; path = "What A Weather Watch AppUITests.xctest"; sourceTree = BUILT_PRODUCTS_DIR; };
		6A5B2C4A2BF76464000F9BCE /* What_A_Weather_Watch_AppUITests.swift */ = {isa = PBXFileReference; lastKnownFileType = sourcecode.swift; path = What_A_Weather_Watch_AppUITests.swift; sourceTree = "<group>"; };
		6A5B2C4C2BF76464000F9BCE /* What_A_Weather_Watch_AppUITestsLaunchTests.swift */ = {isa = PBXFileReference; lastKnownFileType = sourcecode.swift; path = What_A_Weather_Watch_AppUITestsLaunchTests.swift; sourceTree = "<group>"; };
/* End PBXFileReference section */

/* Begin PBXFrameworksBuildPhase section */
		6A5B2C272BF76463000F9BCE /* Frameworks */ = {
			isa = PBXFrameworksBuildPhase;
			buildActionMask = 2147483647;
			files = (
			);
			runOnlyForDeploymentPostprocessing = 0;
		};
		6A5B2C392BF76464000F9BCE /* Frameworks */ = {
			isa = PBXFrameworksBuildPhase;
			buildActionMask = 2147483647;
			files = (
			);
			runOnlyForDeploymentPostprocessing = 0;
		};
		6A5B2C432BF76464000F9BCE /* Frameworks */ = {
			isa = PBXFrameworksBuildPhase;
			buildActionMask = 2147483647;
			files = (
			);
			runOnlyForDeploymentPostprocessing = 0;
		};
/* End PBXFrameworksBuildPhase section */

/* Begin PBXGroup section */
		6A5B2C1D2BF76462000F9BCE = {
			isa = PBXGroup;
			children = (
				6A5B2C2E2BF76463000F9BCE /* What A Weather Watch App */,
				6A5B2C3F2BF76464000F9BCE /* What A Weather Watch AppTests */,
				6A5B2C492BF76464000F9BCE /* What A Weather Watch AppUITests */,
				6A5B2C252BF76463000F9BCE /* Products */,
			);
			sourceTree = "<group>";
		};
		6A5B2C252BF76463000F9BCE /* Products */ = {
			isa = PBXGroup;
			children = (
				6A5B2C242BF76463000F9BCE /* What A Weather.app */,
				6A5B2C2A2BF76463000F9BCE /* What A Weather Watch App.app */,
				6A5B2C3C2BF76464000F9BCE /* What A Weather Watch AppTests.xctest */,
				6A5B2C462BF76464000F9BCE /* What A Weather Watch AppUITests.xctest */,
			);
			name = Products;
			sourceTree = "<group>";
		};
		6A5B2C2E2BF76463000F9BCE /* What A Weather Watch App */ = {
			isa = PBXGroup;
			children = (
				6A5B2C2F2BF76463000F9BCE /* What_A_WeatherApp.swift */,
				6A5B2C312BF76463000F9BCE /* ContentView.swift */,
				6A5B2C332BF76463000F9BCE /* Assets.xcassets */,
				6A5B2C352BF76463000F9BCE /* Preview Content */,
			);
			path = "What A Weather Watch App";
			sourceTree = "<group>";
		};
		6A5B2C352BF76463000F9BCE /* Preview Content */ = {
			isa = PBXGroup;
			children = (
				6A5B2C362BF76463000F9BCE /* Preview Assets.xcassets */,
			);
			path = "Preview Content";
			sourceTree = "<group>";
		};
		6A5B2C3F2BF76464000F9BCE /* What A Weather Watch AppTests */ = {
			isa = PBXGroup;
			children = (
				6A5B2C402BF76464000F9BCE /* What_A_Weather_Watch_AppTests.swift */,
			);
			path = "What A Weather Watch AppTests";
			sourceTree = "<group>";
		};
		6A5B2C492BF76464000F9BCE /* What A Weather Watch AppUITests */ = {
			isa = PBXGroup;
			children = (
				6A5B2C4A2BF76464000F9BCE /* What_A_Weather_Watch_AppUITests.swift */,
				6A5B2C4C2BF76464000F9BCE /* What_A_Weather_Watch_AppUITestsLaunchTests.swift */,
			);
			path = "What A Weather Watch AppUITests";
			sourceTree = "<group>";
		};
/* End PBXGroup section */

/* Begin PBXNativeTarget section */
		6A5B2C232BF76463000F9BCE /* What A Weather */ = {
			isa = PBXNativeTarget;
			buildConfigurationList = 6A5B2C542BF76464000F9BCE /* Build configuration list for PBXNativeTarget "What A Weather" */;
			buildPhases = (
				6A5B2C222BF76463000F9BCE /* Resources */,
				6A5B2C532BF76464000F9BCE /* Embed Watch Content */,
			);
			buildRules = (
			);
			dependencies = (
				6A5B2C2D2BF76463000F9BCE /* PBXTargetDependency */,
			);
			name = "What A Weather";
			productName = "What A Weather";
			productReference = 6A5B2C242BF76463000F9BCE /* What A Weather.app */;
			productType = "com.apple.product-type.application.watchapp2-container";
		};
		6A5B2C292BF76463000F9BCE /* What A Weather Watch App */ = {
			isa = PBXNativeTarget;
			buildConfigurationList = 6A5B2C502BF76464000F9BCE /* Build configuration list for PBXNativeTarget "What A Weather Watch App" */;
			buildPhases = (
				6A5B2C262BF76463000F9BCE /* Sources */,
				6A5B2C272BF76463000F9BCE /* Frameworks */,
				6A5B2C282BF76463000F9BCE /* Resources */,
			);
			buildRules = (
			);
			dependencies = (
			);
			name = "What A Weather Watch App";
			productName = "What A Weather Watch App";
			productReference = 6A5B2C2A2BF76463000F9BCE /* What A Weather Watch App.app */;
			productType = "com.apple.product-type.application";
		};
		6A5B2C3B2BF76464000F9BCE /* What A Weather Watch AppTests */ = {
			isa = PBXNativeTarget;
			buildConfigurationList = 6A5B2C572BF76464000F9BCE /* Build configuration list for PBXNativeTarget "What A Weather Watch AppTests" */;
			buildPhases = (
				6A5B2C382BF76464000F9BCE /* Sources */,
				6A5B2C392BF76464000F9BCE /* Frameworks */,
				6A5B2C3A2BF76464000F9BCE /* Resources */,
			);
			buildRules = (
			);
			dependencies = (
				6A5B2C3E2BF76464000F9BCE /* PBXTargetDependency */,
			);
			name = "What A Weather Watch AppTests";
			productName = "What A Weather Watch AppTests";
			productReference = 6A5B2C3C2BF76464000F9BCE /* What A Weather Watch AppTests.xctest */;
			productType = "com.apple.product-type.bundle.unit-test";
		};
		6A5B2C452BF76464000F9BCE /* What A Weather Watch AppUITests */ = {
			isa = PBXNativeTarget;
			buildConfigurationList = 6A5B2C5A2BF76464000F9BCE /* Build configuration list for PBXNativeTarget "What A Weather Watch AppUITests" */;
			buildPhases = (
				6A5B2C422BF76464000F9BCE /* Sources */,
				6A5B2C432BF76464000F9BCE /* Frameworks */,
				6A5B2C442BF76464000F9BCE /* Resources */,
			);
			buildRules = (
			);
			dependencies = (
				6A5B2C482BF76464000F9BCE /* PBXTargetDependency */,
			);
			name = "What A Weather Watch AppUITests";
			productName = "What A Weather Watch AppUITests";
			productReference = 6A5B2C462BF76464000F9BCE /* What A Weather Watch AppUITests.xctest */;
			productType = "com.apple.product-type.bundle.ui-testing";
		};
/* End PBXNativeTarget section */

/* Begin PBXProject section */
		6A5B2C1E2BF76462000F9BCE /* Project object */ = {
			isa = PBXProject;
			attributes = {
				BuildIndependentTargetsInParallel = 1;
				LastSwiftUpdateCheck = 1540;
				LastUpgradeCheck = 1540;
				TargetAttributes = {
					6A5B2C232BF76463000F9BCE = {
						CreatedOnToolsVersion = 15.4;
					};
					6A5B2C292BF76463000F9BCE = {
						CreatedOnToolsVersion = 15.4;
					};
					6A5B2C3B2BF76464000F9BCE = {
						CreatedOnToolsVersion = 15.4;
						TestTargetID = 6A5B2C292BF76463000F9BCE;
					};
					6A5B2C452BF76464000F9BCE = {
						CreatedOnToolsVersion = 15.4;
						TestTargetID = 6A5B2C292BF76463000F9BCE;
					};
				};
			};
			buildConfigurationList = 6A5B2C212BF76462000F9BCE /* Build configuration list for PBXProject "What A Weather" */;
			compatibilityVersion = "Xcode 14.0";
			developmentRegion = en;
			hasScannedForEncodings = 0;
			knownRegions = (
				en,
				Base,
			);
			mainGroup = 6A5B2C1D2BF76462000F9BCE;
			productRefGroup = 6A5B2C252BF76463000F9BCE /* Products */;
			projectDirPath = "";
			projectRoot = "";
			targets = (
				6A5B2C232BF76463000F9BCE /* What A Weather */,
				6A5B2C292BF76463000F9BCE /* What A Weather Watch App */,
				6A5B2C3B2BF76464000F9BCE /* What A Weather Watch AppTests */,
				6A5B2C452BF76464000F9BCE /* What A Weather Watch AppUITests */,
			);
		};
/* End PBXProject section */

/* Begin PBXResourcesBuildPhase section */
		6A5B2C222BF76463000F9BCE /* Resources */ = {
			isa = PBXResourcesBuildPhase;
			buildActionMask = 2147483647;
			files = (
			);
			runOnlyForDeploymentPostprocessing = 0;
		};
		6A5B2C282BF76463000F9BCE /* Resources */ = {
			isa = PBXResourcesBuildPhase;
			buildActionMask = 2147483647;
			files = (
				6A5B2C372BF76463000F9BCE /* Preview Assets.xcassets in Resources */,
				6A5B2C342BF76463000F9BCE /* Assets.xcassets in Resources */,
			);
			runOnlyForDeploymentPostprocessing = 0;
		};
		6A5B2C3A2BF76464000F9BCE /* Resources */ = {
			isa = PBXResourcesBuildPhase;
			buildActionMask = 2147483647;
			files = (
			);
			runOnlyForDeploymentPostprocessing = 0;
		};
		6A5B2C442BF76464000F9BCE /* Resources */ = {
			isa = PBXResourcesBuildPhase;
			buildActionMask = 2147483647;
			files = (
			);
			runOnlyForDeploymentPostprocessing = 0;
		};
/* End PBXResourcesBuildPhase section */

/* Begin PBXSourcesBuildPhase section */
		6A5B2C262BF76463000F9BCE /* Sources */ = {
			isa = PBXSourcesBuildPhase;
			buildActionMask = 2147483647;
			files = (
				6A5B2C322BF76463000F9BCE /* ContentView.swift in Sources */,
				6A5B2C302BF76463000F9BCE /* What_A_WeatherApp.swift in Sources */,
			);
			runOnlyForDeploymentPostprocessing = 0;
		};
		6A5B2C382BF76464000F9BCE /* Sources */ = {
			isa = PBXSourcesBuildPhase;
			buildActionMask = 2147483647;
			files = (
				6A5B2C412BF76464000F9BCE /* What_A_Weather_Watch_AppTests.swift in Sources */,
			);
			runOnlyForDeploymentPostprocessing = 0;
		};
		6A5B2C422BF76464000F9BCE /* Sources */ = {
			isa = PBXSourcesBuildPhase;
			buildActionMask = 2147483647;
			files = (
				6A5B2C4B2BF76464000F9BCE /* What_A_Weather_Watch_AppUITests.swift in Sources */,
				6A5B2C4D2BF76464000F9BCE /* What_A_Weather_Watch_AppUITestsLaunchTests.swift in Sources */,
			);
			runOnlyForDeploymentPostprocessing = 0;
		};
/* End PBXSourcesBuildPhase section */

/* Begin PBXTargetDependency section */
		6A5B2C2D2BF76463000F9BCE /* PBXTargetDependency */ = {
			isa = PBXTargetDependency;
			target = 6A5B2C292BF76463000F9BCE /* What A Weather Watch App */;
			targetProxy = 6A5B2C2C2BF76463000F9BCE /* PBXContainerItemProxy */;
		};
		6A5B2C3E2BF76464000F9BCE /* PBXTargetDependency */ = {
			isa = PBXTargetDependency;
			target = 6A5B2C292BF76463000F9BCE /* What A Weather Watch App */;
			targetProxy = 6A5B2C3D2BF76464000F9BCE /* PBXContainerItemProxy */;
		};
		6A5B2C482BF76464000F9BCE /* PBXTargetDependency */ = {
			isa = PBXTargetDependency;
			target = 6A5B2C292BF76463000F9BCE /* What A Weather Watch App */;
			targetProxy = 6A5B2C472BF76464000F9BCE /* PBXContainerItemProxy */;
		};
/* End PBXTargetDependency section */

/* Begin XCBuildConfiguration section */
		6A5B2C4E2BF76464000F9BCE /* Debug */ = {
			isa = XCBuildConfiguration;
			buildSettings = {
				ALWAYS_SEARCH_USER_PATHS = NO;
				ASSETCATALOG_COMPILER_GENERATE_SWIFT_ASSET_SYMBOL_EXTENSIONS = YES;
				CLANG_ANALYZER_NONNULL = YES;
				CLANG_ANALYZER_NUMBER_OBJECT_CONVERSION = YES_AGGRESSIVE;
				CLANG_CXX_LANGUAGE_STANDARD = "gnu++20";
				CLANG_ENABLE_MODULES = YES;
				CLANG_ENABLE_OBJC_ARC = YES;
				CLANG_ENABLE_OBJC_WEAK = YES;
				CLANG_WARN_BLOCK_CAPTURE_AUTORELEASING = YES;
				CLANG_WARN_BOOL_CONVERSION = YES;
				CLANG_WARN_COMMA = YES;
				CLANG_WARN_CONSTANT_CONVERSION = YES;
				CLANG_WARN_DEPRECATED_OBJC_IMPLEMENTATIONS = YES;
				CLANG_WARN_DIRECT_OBJC_ISA_USAGE = YES_ERROR;
				CLANG_WARN_DOCUMENTATION_COMMENTS = YES;
				CLANG_WARN_EMPTY_BODY = YES;
				CLANG_WARN_ENUM_CONVERSION = YES;
				CLANG_WARN_INFINITE_RECURSION = YES;
				CLANG_WARN_INT_CONVERSION = YES;
				CLANG_WARN_NON_LITERAL_NULL_CONVERSION = YES;
				CLANG_WARN_OBJC_IMPLICIT_RETAIN_SELF = YES;
				CLANG_WARN_OBJC_LITERAL_CONVERSION = YES;
				CLANG_WARN_OBJC_ROOT_CLASS = YES_ERROR;
				CLANG_WARN_QUOTED_INCLUDE_IN_FRAMEWORK_HEADER = YES;
				CLANG_WARN_RANGE_LOOP_ANALYSIS = YES;
				CLANG_WARN_STRICT_PROTOTYPES = YES;
				CLANG_WARN_SUSPICIOUS_MOVE = YES;
				CLANG_WARN_UNGUARDED_AVAILABILITY = YES_AGGRESSIVE;
				CLANG_WARN_UNREACHABLE_CODE = YES;
				CLANG_WARN__DUPLICATE_METHOD_MATCH = YES;
				COPY_PHASE_STRIP = NO;
				DEBUG_INFORMATION_FORMAT = dwarf;
				ENABLE_STRICT_OBJC_MSGSEND = YES;
				ENABLE_TESTABILITY = YES;
				ENABLE_USER_SCRIPT_SANDBOXING = YES;
				GCC_C_LANGUAGE_STANDARD = gnu17;
				GCC_DYNAMIC_NO_PIC = NO;
				GCC_NO_COMMON_BLOCKS = YES;
				GCC_OPTIMIZATION_LEVEL = 0;
				GCC_PREPROCESSOR_DEFINITIONS = (
					"DEBUG=1",
					"$(inherited)",
				);
				GCC_WARN_64_TO_32_BIT_CONVERSION = YES;
				GCC_WARN_ABOUT_RETURN_TYPE = YES_ERROR;
				GCC_WARN_UNDECLARED_SELECTOR = YES;
				GCC_WARN_UNINITIALIZED_AUTOS = YES_AGGRESSIVE;
				GCC_WARN_UNUSED_FUNCTION = YES;
				GCC_WARN_UNUSED_VARIABLE = YES;
				LOCALIZATION_PREFERS_STRING_CATALOGS = YES;
				MTL_ENABLE_DEBUG_INFO = INCLUDE_SOURCE;
				MTL_FAST_MATH = YES;
				ONLY_ACTIVE_ARCH = YES;
				SWIFT_ACTIVE_COMPILATION_CONDITIONS = "DEBUG $(inherited)";
				SWIFT_OPTIMIZATION_LEVEL = "-Onone";
			};
			name = Debug;
		};
		6A5B2C4F2BF76464000F9BCE /* Release */ = {
			isa = XCBuildConfiguration;
			buildSettings = {
				ALWAYS_SEARCH_USER_PATHS = NO;
				ASSETCATALOG_COMPILER_GENERATE_SWIFT_ASSET_SYMBOL_EXTENSIONS = YES;
				CLANG_ANALYZER_NONNULL = YES;
				CLANG_ANALYZER_NUMBER_OBJECT_CONVERSION = YES_AGGRESSIVE;
				CLANG_CXX_LANGUAGE_STANDARD = "gnu++20";
				CLANG_ENABLE_MODULES = YES;
				CLANG_ENABLE_OBJC_ARC = YES;
				CLANG_ENABLE_OBJC_WEAK = YES;
				CLANG_WARN_BLOCK_CAPTURE_AUTORELEASING = YES;
				CLANG_WARN_BOOL_CONVERSION = YES;
				CLANG_WARN_COMMA = YES;
				CLANG_WARN_CONSTANT_CONVERSION = YES;
				CLANG_WARN_DEPRECATED_OBJC_IMPLEMENTATIONS = YES;
				CLANG_WARN_DIRECT_OBJC_ISA_USAGE = YES_ERROR;
				CLANG_WARN_DOCUMENTATION_COMMENTS = YES;
				CLANG_WARN_EMPTY_BODY = YES;
				CLANG_WARN_ENUM_CONVERSION = YES;
				CLANG_WARN_INFINITE_RECURSION = YES;
				CLANG_WARN_INT_CONVERSION = YES;
				CLANG_WARN_NON_LITERAL_NULL_CONVERSION = YES;
				CLANG_WARN_OBJC_IMPLICIT_RETAIN_SELF = YES;
				CLANG_WARN_OBJC_LITERAL_CONVERSION = YES;
				CLANG_WARN_OBJC_ROOT_CLASS = YES_ERROR;
				CLANG_WARN_QUOTED_INCLUDE_IN_FRAMEWORK_HEADER = YES;
				CLANG_WARN_RANGE_LOOP_ANALYSIS = YES;
				CLANG_WARN_STRICT_PROTOTYPES = YES;
				CLANG_WARN_SUSPICIOUS_MOVE = YES;
				CLANG_WARN_UNGUARDED_AVAILABILITY = YES_AGGRESSIVE;
				CLANG_WARN_UNREACHABLE_CODE = YES;
				CLANG_WARN__DUPLICATE_METHOD_MATCH = YES;
				COPY_PHASE_STRIP = NO;
				DEBUG_INFORMATION_FORMAT = "dwarf-with-dsym";
				ENABLE_NS_ASSERTIONS = NO;
				ENABLE_STRICT_OBJC_MSGSEND = YES;
				ENABLE_USER_SCRIPT_SANDBOXING = YES;
				GCC_C_LANGUAGE_STANDARD = gnu17;
				GCC_NO_COMMON_BLOCKS = YES;
				GCC_WARN_64_TO_32_BIT_CONVERSION = YES;
				GCC_WARN_ABOUT_RETURN_TYPE = YES_ERROR;
				GCC_WARN_UNDECLARED_SELECTOR = YES;
				GCC_WARN_UNINITIALIZED_AUTOS = YES_AGGRESSIVE;
				GCC_WARN_UNUSED_FUNCTION = YES;
				GCC_WARN_UNUSED_VARIABLE = YES;
				LOCALIZATION_PREFERS_STRING_CATALOGS = YES;
				MTL_ENABLE_DEBUG_INFO = NO;
				MTL_FAST_MATH = YES;
				SWIFT_COMPILATION_MODE = wholemodule;
			};
			name = Release;
		};
		6A5B2C512BF76464000F9BCE /* Debug */ = {
			isa = XCBuildConfiguration;
			buildSettings = {
				ASSETCATALOG_COMPILER_APPICON_NAME = AppIcon;
				ASSETCATALOG_COMPILER_GLOBAL_ACCENT_COLOR_NAME = AccentColor;
				CODE_SIGN_STYLE = Automatic;
				CURRENT_PROJECT_VERSION = 1;
				DEVELOPMENT_ASSET_PATHS = "\"What A Weather Watch App/Preview Content\"";
				ENABLE_PREVIEWS = YES;
				GENERATE_INFOPLIST_FILE = YES;
				INFOPLIST_KEY_CFBundleDisplayName = "What A Weather";
				INFOPLIST_KEY_UISupportedInterfaceOrientations = "UIInterfaceOrientationPortrait UIInterfaceOrientationPortraitUpsideDown";
				INFOPLIST_KEY_WKWatchOnly = YES;
				LD_RUNPATH_SEARCH_PATHS = (
					"$(inherited)",
					"@executable_path/Frameworks",
				);
				MARKETING_VERSION = 1.0;
				PRODUCT_BUNDLE_IDENTIFIER = "Opal.What-A-Weather.watchkitapp";
				PRODUCT_NAME = "$(TARGET_NAME)";
				SDKROOT = watchos;
				SKIP_INSTALL = YES;
				SWIFT_EMIT_LOC_STRINGS = YES;
				SWIFT_VERSION = 5.0;
				TARGETED_DEVICE_FAMILY = 4;
				WATCHOS_DEPLOYMENT_TARGET = 10.5;
			};
			name = Debug;
		};
		6A5B2C522BF76464000F9BCE /* Release */ = {
			isa = XCBuildConfiguration;
			buildSettings = {
				ASSETCATALOG_COMPILER_APPICON_NAME = AppIcon;
				ASSETCATALOG_COMPILER_GLOBAL_ACCENT_COLOR_NAME = AccentColor;
				CODE_SIGN_STYLE = Automatic;
				CURRENT_PROJECT_VERSION = 1;
				DEVELOPMENT_ASSET_PATHS = "\"What A Weather Watch App/Preview Content\"";
				ENABLE_PREVIEWS = YES;
				GENERATE_INFOPLIST_FILE = YES;
				INFOPLIST_KEY_CFBundleDisplayName = "What A Weather";
				INFOPLIST_KEY_UISupportedInterfaceOrientations = "UIInterfaceOrientationPortrait UIInterfaceOrientationPortraitUpsideDown";
				INFOPLIST_KEY_WKWatchOnly = YES;
				LD_RUNPATH_SEARCH_PATHS = (
					"$(inherited)",
					"@executable_path/Frameworks",
				);
				MARKETING_VERSION = 1.0;
				PRODUCT_BUNDLE_IDENTIFIER = "Opal.What-A-Weather.watchkitapp";
				PRODUCT_NAME = "$(TARGET_NAME)";
				SDKROOT = watchos;
				SKIP_INSTALL = YES;
				SWIFT_EMIT_LOC_STRINGS = YES;
				SWIFT_VERSION = 5.0;
				TARGETED_DEVICE_FAMILY = 4;
				VALIDATE_PRODUCT = YES;
				WATCHOS_DEPLOYMENT_TARGET = 10.5;
			};
			name = Release;
		};
		6A5B2C552BF76464000F9BCE /* Debug */ = {
			isa = XCBuildConfiguration;
			buildSettings = {
				ALWAYS_EMBED_SWIFT_STANDARD_LIBRARIES = YES;
				CODE_SIGN_STYLE = Automatic;
				CURRENT_PROJECT_VERSION = 1;
				INFOPLIST_KEY_CFBundleDisplayName = "What A Weather";
				MARKETING_VERSION = 1.0;
				PRODUCT_BUNDLE_IDENTIFIER = "Opal.What-A-Weather";
				PRODUCT_NAME = "$(TARGET_NAME)";
				SDKROOT = iphoneos;
				SWIFT_VERSION = 5.0;
			};
			name = Debug;
		};
		6A5B2C562BF76464000F9BCE /* Release */ = {
			isa = XCBuildConfiguration;
			buildSettings = {
				ALWAYS_EMBED_SWIFT_STANDARD_LIBRARIES = YES;
				CODE_SIGN_STYLE = Automatic;
				CURRENT_PROJECT_VERSION = 1;
				INFOPLIST_KEY_CFBundleDisplayName = "What A Weather";
				MARKETING_VERSION = 1.0;
				PRODUCT_BUNDLE_IDENTIFIER = "Opal.What-A-Weather";
				PRODUCT_NAME = "$(TARGET_NAME)";
				SDKROOT = iphoneos;
				SWIFT_VERSION = 5.0;
				VALIDATE_PRODUCT = YES;
			};
			name = Release;
		};
		6A5B2C582BF76464000F9BCE /* Debug */ = {
			isa = XCBuildConfiguration;
			buildSettings = {
				ALWAYS_EMBED_SWIFT_STANDARD_LIBRARIES = YES;
				BUNDLE_LOADER = "$(TEST_HOST)";
				CODE_SIGN_STYLE = Automatic;
				CURRENT_PROJECT_VERSION = 1;
				GENERATE_INFOPLIST_FILE = YES;
				MARKETING_VERSION = 1.0;
				PRODUCT_BUNDLE_IDENTIFIER = "Opal.What-A-Weather-Watch-AppTests";
				PRODUCT_NAME = "$(TARGET_NAME)";
				SDKROOT = watchos;
				SWIFT_EMIT_LOC_STRINGS = NO;
				SWIFT_VERSION = 5.0;
				TARGETED_DEVICE_FAMILY = 4;
				TEST_HOST = "$(BUILT_PRODUCTS_DIR)/What A Weather Watch App.app/$(BUNDLE_EXECUTABLE_FOLDER_PATH)/What A Weather Watch App";
				WATCHOS_DEPLOYMENT_TARGET = 10.5;
			};
			name = Debug;
		};
		6A5B2C592BF76464000F9BCE /* Release */ = {
			isa = XCBuildConfiguration;
			buildSettings = {
				ALWAYS_EMBED_SWIFT_STANDARD_LIBRARIES = YES;
				BUNDLE_LOADER = "$(TEST_HOST)";
				CODE_SIGN_STYLE = Automatic;
				CURRENT_PROJECT_VERSION = 1;
				GENERATE_INFOPLIST_FILE = YES;
				MARKETING_VERSION = 1.0;
				PRODUCT_BUNDLE_IDENTIFIER = "Opal.What-A-Weather-Watch-AppTests";
				PRODUCT_NAME = "$(TARGET_NAME)";
				SDKROOT = watchos;
				SWIFT_EMIT_LOC_STRINGS = NO;
				SWIFT_VERSION = 5.0;
				TARGETED_DEVICE_FAMILY = 4;
				TEST_HOST = "$(BUILT_PRODUCTS_DIR)/What A Weather Watch App.app/$(BUNDLE_EXECUTABLE_FOLDER_PATH)/What A Weather Watch App";
				VALIDATE_PRODUCT = YES;
				WATCHOS_DEPLOYMENT_TARGET = 10.5;
			};
			name = Release;
		};
		6A5B2C5B2BF76464000F9BCE /* Debug */ = {
			isa = XCBuildConfiguration;
			buildSettings = {
				ALWAYS_EMBED_SWIFT_STANDARD_LIBRARIES = YES;
				CODE_SIGN_STYLE = Automatic;
				CURRENT_PROJECT_VERSION = 1;
				GENERATE_INFOPLIST_FILE = YES;
				MARKETING_VERSION = 1.0;
				PRODUCT_BUNDLE_IDENTIFIER = "Opal.What-A-Weather-Watch-AppUITests";
				PRODUCT_NAME = "$(TARGET_NAME)";
				SDKROOT = watchos;
				SWIFT_EMIT_LOC_STRINGS = NO;
				SWIFT_VERSION = 5.0;
				TARGETED_DEVICE_FAMILY = 4;
				TEST_TARGET_NAME = "What A Weather Watch App";
				WATCHOS_DEPLOYMENT_TARGET = 10.5;
			};
			name = Debug;
		};
		6A5B2C5C2BF76464000F9BCE /* Release */ = {
			isa = XCBuildConfiguration;
			buildSettings = {
				ALWAYS_EMBED_SWIFT_STANDARD_LIBRARIES = YES;
				CODE_SIGN_STYLE = Automatic;
				CURRENT_PROJECT_VERSION = 1;
				GENERATE_INFOPLIST_FILE = YES;
				MARKETING_VERSION = 1.0;
				PRODUCT_BUNDLE_IDENTIFIER = "Opal.What-A-Weather-Watch-AppUITests";
				PRODUCT_NAME = "$(TARGET_NAME)";
				SDKROOT = watchos;
				SWIFT_EMIT_LOC_STRINGS = NO;
				SWIFT_VERSION = 5.0;
				TARGETED_DEVICE_FAMILY = 4;
				TEST_TARGET_NAME = "What A Weather Watch App";
				VALIDATE_PRODUCT = YES;
				WATCHOS_DEPLOYMENT_TARGET = 10.5;
			};
			name = Release;
		};
/* End XCBuildConfiguration section */

/* Begin XCConfigurationList section */
		6A5B2C212BF76462000F9BCE /* Build configuration list for PBXProject "What A Weather" */ = {
			isa = XCConfigurationList;
			buildConfigurations = (
				6A5B2C4E2BF76464000F9BCE /* Debug */,
				6A5B2C4F2BF76464000F9BCE /* Release */,
			);
			defaultConfigurationIsVisible = 0;
			defaultConfigurationName = Release;
		};
		6A5B2C502BF76464000F9BCE /* Build configuration list for PBXNativeTarget "What A Weather Watch App" */ = {
			isa = XCConfigurationList;
			buildConfigurations = (
				6A5B2C512BF76464000F9BCE /* Debug */,
				6A5B2C522BF76464000F9BCE /* Release */,
			);
			defaultConfigurationIsVisible = 0;
			defaultConfigurationName = Release;
		};
		6A5B2C542BF76464000F9BCE /* Build configuration list for PBXNativeTarget "What A Weather" */ = {
			isa = XCConfigurationList;
			buildConfigurations = (
				6A5B2C552BF76464000F9BCE /* Debug */,
				6A5B2C562BF76464000F9BCE /* Release */,
			);
			defaultConfigurationIsVisible = 0;
			defaultConfigurationName = Release;
		};
		6A5B2C572BF76464000F9BCE /* Build configuration list for PBXNativeTarget "What A Weather Watch AppTests" */ = {
			isa = XCConfigurationList;
			buildConfigurations = (
				6A5B2C582BF76464000F9BCE /* Debug */,
				6A5B2C592BF76464000F9BCE /* Release */,
			);
			defaultConfigurationIsVisible = 0;
			defaultConfigurationName = Release;
		};
		6A5B2C5A2BF76464000F9BCE /* Build configuration list for PBXNativeTarget "What A Weather Watch AppUITests" */ = {
			isa = XCConfigurationList;
			buildConfigurations = (
				6A5B2C5B2BF76464000F9BCE /* Debug */,
				6A5B2C5C2BF76464000F9BCE /* Release */,
			);
			defaultConfigurationIsVisible = 0;
			defaultConfigurationName = Release;
		};
/* End XCConfigurationList section */
	};
	rootObject = 6A5B2C1E2BF76462000F9BCE /* Project object */;
}
